
Microsoft Visual Studio Solution File, Format Version 12.00
# Visual Studio 15
Project("{FAE04EC0-301F-11D3-BF4B-00C04F79EFBC}") = "VirtualRoom", "VirtualRoom.csproj", "{CC8593FB-4C85-D694-F219-85370BA1EE23}"
EndProject
Project("{FAE04EC0-301F-11D3-BF4B-00C04F79EFBC}") = "VirtualRoom.Editor", "VirtualRoom.Editor.csproj", "{8ACCC383-0F45-2B51-BB33-4A7F181BDE1B}"
EndProject
Global
	GlobalSection(SolutionConfigurationPlatforms) = preSolution
		Debug|Any CPU = Debug|Any CPU
		Release|Any CPU = Release|Any CPU
	EndGlobalSection
	GlobalSection(ProjectConfigurationPlatforms) = postSolution
		{CC8593FB-4C85-D694-F219-85370BA1EE23}.Debug|Any CPU.ActiveCfg = Debug|Any CPU
		{CC8593FB-4C85-D694-F219-85370BA1EE23}.Debug|Any CPU.Build.0 = Debug|Any CPU
		{CC8593FB-4C85-D694-F219-85370BA1EE23}.Release|Any CPU.ActiveCfg = Release|Any CPU
		{CC8593FB-4C85-D694-F219-85370BA1EE23}.Release|Any CPU.Build.0 = Release|Any CPU
		{8ACCC383-0F45-2B51-BB33-4A7F181BDE1B}.Debug|Any CPU.ActiveCfg = Debug|Any CPU
		{8ACCC383-0F45-2B51-BB33-4A7F181BDE1B}.Debug|Any CPU.Build.0 = Debug|Any CPU
		{8ACCC383-0F45-2B51-BB33-4A7F181BDE1B}.Release|Any CPU.ActiveCfg = Release|Any CPU
		{8ACCC383-0F45-2B51-BB33-4A7F181BDE1B}.Release|Any CPU.Build.0 = Release|Any CPU
	EndGlobalSection
	GlobalSection(SolutionProperties) = preSolution
		HideSolutionNode = FALSE
	EndGlobalSection
EndGlobal
